// !$*UTF8*$!
{
	archiveVersion = 1;
	classes = {
	};
	objectVersion = 55;
	objects = {

/* Begin PBXBuildFile section */
		1C397447293E42B500A2DF7A /* NewsListViewController.swift in Sources */ = {isa = PBXBuildFile; fileRef = 1C397446293E42B500A2DF7A /* NewsListViewController.swift */; };
		1C81776629223400002D1E32 /* AppDelegate.swift in Sources */ = {isa = PBXBuildFile; fileRef = 1C81776529223400002D1E32 /* AppDelegate.swift */; };
		1C81776829223400002D1E32 /* SceneDelegate.swift in Sources */ = {isa = PBXBuildFile; fileRef = 1C81776729223400002D1E32 /* SceneDelegate.swift */; };
		1C81776A29223400002D1E32 /* WelcomeViewController.swift in Sources */ = {isa = PBXBuildFile; fileRef = 1C81776929223400002D1E32 /* WelcomeViewController.swift */; };
		1C81776F29223403002D1E32 /* Assets.xcassets in Resources */ = {isa = PBXBuildFile; fileRef = 1C81776E29223403002D1E32 /* Assets.xcassets */; };
		1C81777229223403002D1E32 /* LaunchScreen.storyboard in Resources */ = {isa = PBXBuildFile; fileRef = 1C81777029223403002D1E32 /* LaunchScreen.storyboard */; };
		1C81777A2922361F002D1E32 /* NotesViewController.swift in Sources */ = {isa = PBXBuildFile; fileRef = 1C8177792922361F002D1E32 /* NotesViewController.swift */; };
		1C81777C29223F8E002D1E32 /* ShortNote.swift in Sources */ = {isa = PBXBuildFile; fileRef = 1C81777B29223F8E002D1E32 /* ShortNote.swift */; };
		1CCDFD662943CCF400EA1590 /* NewsViewController.swift in Sources */ = {isa = PBXBuildFile; fileRef = 1CCDFD652943CCF400EA1590 /* NewsViewController.swift */; };
		1CCDFD682943CDD200EA1590 /* ApiService.swift in Sources */ = {isa = PBXBuildFile; fileRef = 1CCDFD672943CDD200EA1590 /* ApiService.swift */; };
		1CCDFD6A2943CE2B00EA1590 /* News.swift in Sources */ = {isa = PBXBuildFile; fileRef = 1CCDFD692943CE2B00EA1590 /* News.swift */; };
		1CCDFD6C2943CF1700EA1590 /* NewsViewModel.swift in Sources */ = {isa = PBXBuildFile; fileRef = 1CCDFD6B2943CF1700EA1590 /* NewsViewModel.swift */; };
		1CCDFD6E2943CF3A00EA1590 /* NewsCell.swift in Sources */ = {isa = PBXBuildFile; fileRef = 1CCDFD6D2943CF3A00EA1590 /* NewsCell.swift */; };
		1CCDFD742943D0CD00EA1590 /* PinLibrary.swift in Sources */ = {isa = PBXBuildFile; fileRef = 1CCDFD732943D0CD00EA1590 /* PinLibrary.swift */; };
		1CCDFD762943D2CB00EA1590 /* UIColorExtension.swift in Sources */ = {isa = PBXBuildFile; fileRef = 1CCDFD752943D2CB00EA1590 /* UIColorExtension.swift */; };
		1CCDFD782943D33400EA1590 /* ColorPaletteView.swift in Sources */ = {isa = PBXBuildFile; fileRef = 1CCDFD772943D33400EA1590 /* ColorPaletteView.swift */; };
		1CCDFD7B2943D3D800EA1590 /* AddNoteDelegate.swift in Sources */ = {isa = PBXBuildFile; fileRef = 1CCDFD7A2943D3D800EA1590 /* AddNoteDelegate.swift */; };
		1CCDFD7D2943D40400EA1590 /* ChangeColor.swift in Sources */ = {isa = PBXBuildFile; fileRef = 1CCDFD7C2943D40400EA1590 /* ChangeColor.swift */; };
		1CCDFD7F2943D44100EA1590 /* NoteCell.swift in Sources */ = {isa = PBXBuildFile; fileRef = 1CCDFD7E2943D44100EA1590 /* NoteCell.swift */; };
		1CCDFD812943D46600EA1590 /* AddNoteCell.swift in Sources */ = {isa = PBXBuildFile; fileRef = 1CCDFD802943D46600EA1590 /* AddNoteCell.swift */; };
/* End PBXBuildFile section */

/* Begin PBXFileReference section */
		1C397446293E42B500A2DF7A /* NewsListViewController.swift */ = {isa = PBXFileReference; lastKnownFileType = sourcecode.swift; path = NewsListViewController.swift; sourceTree = "<group>"; };
		1C81776229223400002D1E32 /* kaganinaPW4.app */ = {isa = PBXFileReference; explicitFileType = wrapper.application; includeInIndex = 0; path = kaganinaPW4.app; sourceTree = BUILT_PRODUCTS_DIR; };
		1C81776529223400002D1E32 /* AppDelegate.swift */ = {isa = PBXFileReference; lastKnownFileType = sourcecode.swift; path = AppDelegate.swift; sourceTree = "<group>"; };
		1C81776729223400002D1E32 /* SceneDelegate.swift */ = {isa = PBXFileReference; lastKnownFileType = sourcecode.swift; path = SceneDelegate.swift; sourceTree = "<group>"; };
		1C81776929223400002D1E32 /* WelcomeViewController.swift */ = {isa = PBXFileReference; lastKnownFileType = sourcecode.swift; path = WelcomeViewController.swift; sourceTree = "<group>"; };
		1C81776E29223403002D1E32 /* Assets.xcassets */ = {isa = PBXFileReference; lastKnownFileType = folder.assetcatalog; path = Assets.xcassets; sourceTree = "<group>"; };
		1C81777129223403002D1E32 /* Base */ = {isa = PBXFileReference; lastKnownFileType = file.storyboard; name = Base; path = Base.lproj/LaunchScreen.storyboard; sourceTree = "<group>"; };
		1C81777329223403002D1E32 /* Info.plist */ = {isa = PBXFileReference; lastKnownFileType = text.plist.xml; path = Info.plist; sourceTree = "<group>"; };
		1C8177792922361F002D1E32 /* NotesViewController.swift */ = {isa = PBXFileReference; lastKnownFileType = sourcecode.swift; path = NotesViewController.swift; sourceTree = "<group>"; };
		1C81777B29223F8E002D1E32 /* ShortNote.swift */ = {isa = PBXFileReference; lastKnownFileType = sourcecode.swift; path = ShortNote.swift; sourceTree = "<group>"; };
		1CCDFD652943CCF400EA1590 /* NewsViewController.swift */ = {isa = PBXFileReference; lastKnownFileType = sourcecode.swift; path = NewsViewController.swift; sourceTree = "<group>"; };
		1CCDFD672943CDD200EA1590 /* ApiService.swift */ = {isa = PBXFileReference; lastKnownFileType = sourcecode.swift; path = ApiService.swift; sourceTree = "<group>"; };
		1CCDFD692943CE2B00EA1590 /* News.swift */ = {isa = PBXFileReference; lastKnownFileType = sourcecode.swift; path = News.swift; sourceTree = "<group>"; };
		1CCDFD6B2943CF1700EA1590 /* NewsViewModel.swift */ = {isa = PBXFileReference; lastKnownFileType = sourcecode.swift; path = NewsViewModel.swift; sourceTree = "<group>"; };
		1CCDFD6D2943CF3A00EA1590 /* NewsCell.swift */ = {isa = PBXFileReference; lastKnownFileType = sourcecode.swift; path = NewsCell.swift; sourceTree = "<group>"; };
		1CCDFD732943D0CD00EA1590 /* PinLibrary.swift */ = {isa = PBXFileReference; lastKnownFileType = sourcecode.swift; name = PinLibrary.swift; path = kaganinaPW4/Controller/PinLibrary.swift; sourceTree = SOURCE_ROOT; };
		1CCDFD752943D2CB00EA1590 /* UIColorExtension.swift */ = {isa = PBXFileReference; lastKnownFileType = sourcecode.swift; name = UIColorExtension.swift; path = kaganinaPW4/Controller/UIColorExtension.swift; sourceTree = SOURCE_ROOT; };
		1CCDFD772943D33400EA1590 /* ColorPaletteView.swift */ = {isa = PBXFileReference; lastKnownFileType = sourcecode.swift; name = ColorPaletteView.swift; path = kaganinaPW4/Controller/ColorPaletteView.swift; sourceTree = SOURCE_ROOT; };
		1CCDFD7A2943D3D800EA1590 /* AddNoteDelegate.swift */ = {isa = PBXFileReference; lastKnownFileType = sourcecode.swift; name = AddNoteDelegate.swift; path = kaganinaPW4/Controller/AddNoteDelegate.swift; sourceTree = SOURCE_ROOT; };
		1CCDFD7C2943D40400EA1590 /* ChangeColor.swift */ = {isa = PBXFileReference; lastKnownFileType = sourcecode.swift; name = ChangeColor.swift; path = kaganinaPW4/View/ChangeColor.swift; sourceTree = SOURCE_ROOT; };
		1CCDFD7E2943D44100EA1590 /* NoteCell.swift */ = {isa = PBXFileReference; lastKnownFileType = sourcecode.swift; name = NoteCell.swift; path = kaganinaPW4/Controller/NoteCell.swift; sourceTree = SOURCE_ROOT; };
		1CCDFD802943D46600EA1590 /* AddNoteCell.swift */ = {isa = PBXFileReference; lastKnownFileType = sourcecode.swift; path = AddNoteCell.swift; sourceTree = "<group>"; };
/* End PBXFileReference section */

/* Begin PBXFrameworksBuildPhase section */
		1C81775F29223400002D1E32 /* Frameworks */ = {
			isa = PBXFrameworksBuildPhase;
			buildActionMask = 2147483647;
			files = (
			);
			runOnlyForDeploymentPostprocessing = 0;
		};
/* End PBXFrameworksBuildPhase section */

/* Begin PBXGroup section */
		1C81775929223400002D1E32 = {
			isa = PBXGroup;
			children = (
				1C81776429223400002D1E32 /* kaganinaPW4 */,
				1C81776329223400002D1E32 /* Products */,
			);
			sourceTree = "<group>";
		};
		1C81776329223400002D1E32 /* Products */ = {
			isa = PBXGroup;
			children = (
				1C81776229223400002D1E32 /* kaganinaPW4.app */,
			);
			name = Products;
			sourceTree = "<group>";
		};
		1C81776429223400002D1E32 /* kaganinaPW4 */ = {
			isa = PBXGroup;
			children = (
				1CCDFD792943D3C300EA1590 /* Protocol */,
				1CCDFD722943CF9400EA1590 /* Library */,
				1CCDFD702943CF6000EA1590 /* Model */,
				1CCDFD712943CF6E00EA1590 /* View */,
				1CCDFD6F2943CF4E00EA1590 /* Controller */,
				1C81776529223400002D1E32 /* AppDelegate.swift */,
				1C81776729223400002D1E32 /* SceneDelegate.swift */,
				1C81776E29223403002D1E32 /* Assets.xcassets */,
				1C81777029223403002D1E32 /* LaunchScreen.storyboard */,
				1C81777329223403002D1E32 /* Info.plist */,
			);
			path = kaganinaPW4;
			sourceTree = "<group>";
		};
		1CCDFD6F2943CF4E00EA1590 /* Controller */ = {
			isa = PBXGroup;
			children = (
				1C81776929223400002D1E32 /* WelcomeViewController.swift */,
				1C8177792922361F002D1E32 /* NotesViewController.swift */,
				1C397446293E42B500A2DF7A /* NewsListViewController.swift */,
				1CCDFD652943CCF400EA1590 /* NewsViewController.swift */,
			);
			path = Controller;
			sourceTree = "<group>";
		};
		1CCDFD702943CF6000EA1590 /* Model */ = {
			isa = PBXGroup;
			children = (
				1C81777B29223F8E002D1E32 /* ShortNote.swift */,
				1CCDFD692943CE2B00EA1590 /* News.swift */,
				1CCDFD6B2943CF1700EA1590 /* NewsViewModel.swift */,
			);
			path = Model;
			sourceTree = "<group>";
		};
		1CCDFD712943CF6E00EA1590 /* View */ = {
			isa = PBXGroup;
			children = (
				1CCDFD772943D33400EA1590 /* ColorPaletteView.swift */,
				1CCDFD7E2943D44100EA1590 /* NoteCell.swift */,
				1CCDFD802943D46600EA1590 /* AddNoteCell.swift */,
				1CCDFD6D2943CF3A00EA1590 /* NewsCell.swift */,
			);
			path = View;
			sourceTree = "<group>";
		};
		1CCDFD722943CF9400EA1590 /* Library */ = {
			isa = PBXGroup;
			children = (
				1CCDFD732943D0CD00EA1590 /* PinLibrary.swift */,
				1CCDFD752943D2CB00EA1590 /* UIColorExtension.swift */,
				1CCDFD672943CDD200EA1590 /* ApiService.swift */,
			);
			path = Library;
			sourceTree = "<group>";
		};
		1CCDFD792943D3C300EA1590 /* Protocol */ = {
			isa = PBXGroup;
			children = (
				1CCDFD7C2943D40400EA1590 /* ChangeColor.swift */,
				1CCDFD7A2943D3D800EA1590 /* AddNoteDelegate.swift */,
			);
			path = Protocol;
			sourceTree = "<group>";
		};
/* End PBXGroup section */

/* Begin PBXNativeTarget section */
		1C81776129223400002D1E32 /* kaganinaPW4 */ = {
			isa = PBXNativeTarget;
			buildConfigurationList = 1C81777629223403002D1E32 /* Build configuration list for PBXNativeTarget "kaganinaPW4" */;
			buildPhases = (
				1C81775E29223400002D1E32 /* Sources */,
				1C81775F29223400002D1E32 /* Frameworks */,
				1C81776029223400002D1E32 /* Resources */,
			);
			buildRules = (
			);
			dependencies = (
			);
			name = kaganinaPW4;
			productName = kaganinaPW4;
			productReference = 1C81776229223400002D1E32 /* kaganinaPW4.app */;
			productType = "com.apple.product-type.application";
		};
/* End PBXNativeTarget section */

/* Begin PBXProject section */
		1C81775A29223400002D1E32 /* Project object */ = {
			isa = PBXProject;
			attributes = {
				BuildIndependentTargetsInParallel = 1;
				LastSwiftUpdateCheck = 1400;
				LastUpgradeCheck = 1400;
				TargetAttributes = {
					1C81776129223400002D1E32 = {
						CreatedOnToolsVersion = 14.0;
					};
				};
			};
			buildConfigurationList = 1C81775D29223400002D1E32 /* Build configuration list for PBXProject "kaganinaPW4" */;
			compatibilityVersion = "Xcode 13.0";
			developmentRegion = en;
			hasScannedForEncodings = 0;
			knownRegions = (
				en,
				Base,
			);
			mainGroup = 1C81775929223400002D1E32;
			productRefGroup = 1C81776329223400002D1E32 /* Products */;
			projectDirPath = "";
			projectRoot = "";
			targets = (
				1C81776129223400002D1E32 /* kaganinaPW4 */,
			);
		};
/* End PBXProject section */

/* Begin PBXResourcesBuildPhase section */
		1C81776029223400002D1E32 /* Resources */ = {
			isa = PBXResourcesBuildPhase;
			buildActionMask = 2147483647;
			files = (
				1C81777229223403002D1E32 /* LaunchScreen.storyboard in Resources */,
				1C81776F29223403002D1E32 /* Assets.xcassets in Resources */,
			);
			runOnlyForDeploymentPostprocessing = 0;
		};
/* End PBXResourcesBuildPhase section */

/* Begin PBXSourcesBuildPhase section */
		1C81775E29223400002D1E32 /* Sources */ = {
			isa = PBXSourcesBuildPhase;
			buildActionMask = 2147483647;
			files = (
				1C81777A2922361F002D1E32 /* NotesViewController.swift in Sources */,
				1CCDFD7D2943D40400EA1590 /* ChangeColor.swift in Sources */,
				1C81776A29223400002D1E32 /* WelcomeViewController.swift in Sources */,
				1CCDFD7F2943D44100EA1590 /* NoteCell.swift in Sources */,
				1CCDFD782943D33400EA1590 /* ColorPaletteView.swift in Sources */,
				1C81776629223400002D1E32 /* AppDelegate.swift in Sources */,
				1CCDFD742943D0CD00EA1590 /* PinLibrary.swift in Sources */,
				1CCDFD6A2943CE2B00EA1590 /* News.swift in Sources */,
				1CCDFD7B2943D3D800EA1590 /* AddNoteDelegate.swift in Sources */,
				1C397447293E42B500A2DF7A /* NewsListViewController.swift in Sources */,
				1CCDFD762943D2CB00EA1590 /* UIColorExtension.swift in Sources */,
				1CCDFD662943CCF400EA1590 /* NewsViewController.swift in Sources */,
				1C81776829223400002D1E32 /* SceneDelegate.swift in Sources */,
				1CCDFD812943D46600EA1590 /* AddNoteCell.swift in Sources */,
				1CCDFD6C2943CF1700EA1590 /* NewsViewModel.swift in Sources */,
				1CCDFD682943CDD200EA1590 /* ApiService.swift in Sources */,
				1C81777C29223F8E002D1E32 /* ShortNote.swift in Sources */,
				1CCDFD6E2943CF3A00EA1590 /* NewsCell.swift in Sources */,
			);
			runOnlyForDeploymentPostprocessing = 0;
		};
/* End PBXSourcesBuildPhase section */

/* Begin PBXVariantGroup section */
		1C81777029223403002D1E32 /* LaunchScreen.storyboard */ = {
			isa = PBXVariantGroup;
			children = (
				1C81777129223403002D1E32 /* Base */,
			);
			name = LaunchScreen.storyboard;
			sourceTree = "<group>";
		};
/* End PBXVariantGroup section */

/* Begin XCBuildConfiguration section */
		1C81777429223403002D1E32 /* Debug */ = {
			isa = XCBuildConfiguration;
			buildSettings = {
				ALWAYS_SEARCH_USER_PATHS = NO;
				CLANG_ANALYZER_NONNULL = YES;
				CLANG_ANALYZER_NUMBER_OBJECT_CONVERSION = YES_AGGRESSIVE;
				CLANG_CXX_LANGUAGE_STANDARD = "gnu++20";
				CLANG_ENABLE_MODULES = YES;
				CLANG_ENABLE_OBJC_ARC = YES;
				CLANG_ENABLE_OBJC_WEAK = YES;
				CLANG_WARN_BLOCK_CAPTURE_AUTORELEASING = YES;
				CLANG_WARN_BOOL_CONVERSION = YES;
				CLANG_WARN_COMMA = YES;
				CLANG_WARN_CONSTANT_CONVERSION = YES;
				CLANG_WARN_DEPRECATED_OBJC_IMPLEMENTATIONS = YES;
				CLANG_WARN_DIRECT_OBJC_ISA_USAGE = YES_ERROR;
				CLANG_WARN_DOCUMENTATION_COMMENTS = YES;
				CLANG_WARN_EMPTY_BODY = YES;
				CLANG_WARN_ENUM_CONVERSION = YES;
				CLANG_WARN_INFINITE_RECURSION = YES;
				CLANG_WARN_INT_CONVERSION = YES;
				CLANG_WARN_NON_LITERAL_NULL_CONVERSION = YES;
				CLANG_WARN_OBJC_IMPLICIT_RETAIN_SELF = YES;
				CLANG_WARN_OBJC_LITERAL_CONVERSION = YES;
				CLANG_WARN_OBJC_ROOT_CLASS = YES_ERROR;
				CLANG_WARN_QUOTED_INCLUDE_IN_FRAMEWORK_HEADER = YES;
				CLANG_WARN_RANGE_LOOP_ANALYSIS = YES;
				CLANG_WARN_STRICT_PROTOTYPES = YES;
				CLANG_WARN_SUSPICIOUS_MOVE = YES;
				CLANG_WARN_UNGUARDED_AVAILABILITY = YES_AGGRESSIVE;
				CLANG_WARN_UNREACHABLE_CODE = YES;
				CLANG_WARN__DUPLICATE_METHOD_MATCH = YES;
				COPY_PHASE_STRIP = NO;
				DEBUG_INFORMATION_FORMAT = dwarf;
				ENABLE_STRICT_OBJC_MSGSEND = YES;
				ENABLE_TESTABILITY = YES;
				GCC_C_LANGUAGE_STANDARD = gnu11;
				GCC_DYNAMIC_NO_PIC = NO;
				GCC_NO_COMMON_BLOCKS = YES;
				GCC_OPTIMIZATION_LEVEL = 0;
				GCC_PREPROCESSOR_DEFINITIONS = (
					"DEBUG=1",
					"$(inherited)",
				);
				GCC_WARN_64_TO_32_BIT_CONVERSION = YES;
				GCC_WARN_ABOUT_RETURN_TYPE = YES_ERROR;
				GCC_WARN_UNDECLARED_SELECTOR = YES;
				GCC_WARN_UNINITIALIZED_AUTOS = YES_AGGRESSIVE;
				GCC_WARN_UNUSED_FUNCTION = YES;
				GCC_WARN_UNUSED_VARIABLE = YES;
				IPHONEOS_DEPLOYMENT_TARGET = 16.0;
				MTL_ENABLE_DEBUG_INFO = INCLUDE_SOURCE;
				MTL_FAST_MATH = YES;
				ONLY_ACTIVE_ARCH = YES;
				SDKROOT = iphoneos;
				SWIFT_ACTIVE_COMPILATION_CONDITIONS = DEBUG;
				SWIFT_OPTIMIZATION_LEVEL = "-Onone";
			};
			name = Debug;
		};
		1C81777529223403002D1E32 /* Release */ = {
			isa = XCBuildConfiguration;
			buildSettings = {
				ALWAYS_SEARCH_USER_PATHS = NO;
				CLANG_ANALYZER_NONNULL = YES;
				CLANG_ANALYZER_NUMBER_OBJECT_CONVERSION = YES_AGGRESSIVE;
				CLANG_CXX_LANGUAGE_STANDARD = "gnu++20";
				CLANG_ENABLE_MODULES = YES;
				CLANG_ENABLE_OBJC_ARC = YES;
				CLANG_ENABLE_OBJC_WEAK = YES;
				CLANG_WARN_BLOCK_CAPTURE_AUTORELEASING = YES;
				CLANG_WARN_BOOL_CONVERSION = YES;
				CLANG_WARN_COMMA = YES;
				CLANG_WARN_CONSTANT_CONVERSION = YES;
				CLANG_WARN_DEPRECATED_OBJC_IMPLEMENTATIONS = YES;
				CLANG_WARN_DIRECT_OBJC_ISA_USAGE = YES_ERROR;
				CLANG_WARN_DOCUMENTATION_COMMENTS = YES;
				CLANG_WARN_EMPTY_BODY = YES;
				CLANG_WARN_ENUM_CONVERSION = YES;
				CLANG_WARN_INFINITE_RECURSION = YES;
				CLANG_WARN_INT_CONVERSION = YES;
				CLANG_WARN_NON_LITERAL_NULL_CONVERSION = YES;
				CLANG_WARN_OBJC_IMPLICIT_RETAIN_SELF = YES;
				CLANG_WARN_OBJC_LITERAL_CONVERSION = YES;
				CLANG_WARN_OBJC_ROOT_CLASS = YES_ERROR;
				CLANG_WARN_QUOTED_INCLUDE_IN_FRAMEWORK_HEADER = YES;
				CLANG_WARN_RANGE_LOOP_ANALYSIS = YES;
				CLANG_WARN_STRICT_PROTOTYPES = YES;
				CLANG_WARN_SUSPICIOUS_MOVE = YES;
				CLANG_WARN_UNGUARDED_AVAILABILITY = YES_AGGRESSIVE;
				CLANG_WARN_UNREACHABLE_CODE = YES;
				CLANG_WARN__DUPLICATE_METHOD_MATCH = YES;
				COPY_PHASE_STRIP = NO;
				DEBUG_INFORMATION_FORMAT = "dwarf-with-dsym";
				ENABLE_NS_ASSERTIONS = NO;
				ENABLE_STRICT_OBJC_MSGSEND = YES;
				GCC_C_LANGUAGE_STANDARD = gnu11;
				GCC_NO_COMMON_BLOCKS = YES;
				GCC_WARN_64_TO_32_BIT_CONVERSION = YES;
				GCC_WARN_ABOUT_RETURN_TYPE = YES_ERROR;
				GCC_WARN_UNDECLARED_SELECTOR = YES;
				GCC_WARN_UNINITIALIZED_AUTOS = YES_AGGRESSIVE;
				GCC_WARN_UNUSED_FUNCTION = YES;
				GCC_WARN_UNUSED_VARIABLE = YES;
				IPHONEOS_DEPLOYMENT_TARGET = 16.0;
				MTL_ENABLE_DEBUG_INFO = NO;
				MTL_FAST_MATH = YES;
				SDKROOT = iphoneos;
				SWIFT_COMPILATION_MODE = wholemodule;
				SWIFT_OPTIMIZATION_LEVEL = "-O";
				VALIDATE_PRODUCT = YES;
			};
			name = Release;
		};
		1C81777729223403002D1E32 /* Debug */ = {
			isa = XCBuildConfiguration;
			buildSettings = {
				ASSETCATALOG_COMPILER_APPICON_NAME = AppIcon;
				ASSETCATALOG_COMPILER_GLOBAL_ACCENT_COLOR_NAME = AccentColor;
				CODE_SIGN_STYLE = Automatic;
				CURRENT_PROJECT_VERSION = 1;
				GENERATE_INFOPLIST_FILE = YES;
				INFOPLIST_FILE = kaganinaPW4/Info.plist;
				INFOPLIST_KEY_UIApplicationSupportsIndirectInputEvents = YES;
				INFOPLIST_KEY_UILaunchStoryboardName = LaunchScreen;
				INFOPLIST_KEY_UISupportedInterfaceOrientations = UIInterfaceOrientationPortrait;
				LD_RUNPATH_SEARCH_PATHS = (
					"$(inherited)",
					"@executable_path/Frameworks",
				);
				MARKETING_VERSION = 1.0;
				PRODUCT_BUNDLE_IDENTIFIER = hse.kaganinaPW4;
				PRODUCT_NAME = "$(TARGET_NAME)";
				SWIFT_EMIT_LOC_STRINGS = YES;
				SWIFT_VERSION = 5.0;
				TARGETED_DEVICE_FAMILY = "1,2";
			};
			name = Debug;
		};
		1C81777829223403002D1E32 /* Release */ = {
			isa = XCBuildConfiguration;
			buildSettings = {
				ASSETCATALOG_COMPILER_APPICON_NAME = AppIcon;
				ASSETCATALOG_COMPILER_GLOBAL_ACCENT_COLOR_NAME = AccentColor;
				CODE_SIGN_STYLE = Automatic;
				CURRENT_PROJECT_VERSION = 1;
				GENERATE_INFOPLIST_FILE = YES;
				INFOPLIST_FILE = kaganinaPW4/Info.plist;
				INFOPLIST_KEY_UIApplicationSupportsIndirectInputEvents = YES;
				INFOPLIST_KEY_UILaunchStoryboardName = LaunchScreen;
				INFOPLIST_KEY_UISupportedInterfaceOrientations = UIInterfaceOrientationPortrait;
				LD_RUNPATH_SEARCH_PATHS = (
					"$(inherited)",
					"@executable_path/Frameworks",
				);
				MARKETING_VERSION = 1.0;
				PRODUCT_BUNDLE_IDENTIFIER = hse.kaganinaPW4;
				PRODUCT_NAME = "$(TARGET_NAME)";
				SWIFT_EMIT_LOC_STRINGS = YES;
				SWIFT_VERSION = 5.0;
				TARGETED_DEVICE_FAMILY = "1,2";
			};
			name = Release;
		};
/* End XCBuildConfiguration section */

/* Begin XCConfigurationList section */
		1C81775D29223400002D1E32 /* Build configuration list for PBXProject "kaganinaPW4" */ = {
			isa = XCConfigurationList;
			buildConfigurations = (
				1C81777429223403002D1E32 /* Debug */,
				1C81777529223403002D1E32 /* Release */,
			);
			defaultConfigurationIsVisible = 0;
			defaultConfigurationName = Release;
		};
		1C81777629223403002D1E32 /* Build configuration list for PBXNativeTarget "kaganinaPW4" */ = {
			isa = XCConfigurationList;
			buildConfigurations = (
				1C81777729223403002D1E32 /* Debug */,
				1C81777829223403002D1E32 /* Release */,
			);
			defaultConfigurationIsVisible = 0;
			defaultConfigurationName = Release;
		};
/* End XCConfigurationList section */
	};
	rootObject = 1C81775A29223400002D1E32 /* Project object */;
}
